// !$*UTF8*$!
{
	archiveVersion = 1;
	classes = {
	};
	objectVersion = 50;
	objects = {

/* Begin PBXBuildFile section */
		A91E228C228BB89100E15F4B /* AppDelegate.m in Sources */ = {isa = PBXBuildFile; fileRef = A91E228B228BB89100E15F4B /* AppDelegate.m */; };
		A91E228F228BB89100E15F4B /* ViewController.m in Sources */ = {isa = PBXBuildFile; fileRef = A91E228E228BB89100E15F4B /* ViewController.m */; };
		A91E2292228BB89100E15F4B /* Main.storyboard in Resources */ = {isa = PBXBuildFile; fileRef = A91E2290228BB89100E15F4B /* Main.storyboard */; };
		A91E2295228BB89100E15F4B /* XLLReader.xcdatamodeld in Sources */ = {isa = PBXBuildFile; fileRef = A91E2293228BB89100E15F4B /* XLLReader.xcdatamodeld */; };
		A91E2297228BB89300E15F4B /* Assets.xcassets in Resources */ = {isa = PBXBuildFile; fileRef = A91E2296228BB89300E15F4B /* Assets.xcassets */; };
		A91E229A228BB89300E15F4B /* LaunchScreen.storyboard in Resources */ = {isa = PBXBuildFile; fileRef = A91E2298228BB89300E15F4B /* LaunchScreen.storyboard */; };
		A91E229D228BB89300E15F4B /* main.m in Sources */ = {isa = PBXBuildFile; fileRef = A91E229C228BB89300E15F4B /* main.m */; };
		A91E22A7228BB89300E15F4B /* XLLReaderTests.m in Sources */ = {isa = PBXBuildFile; fileRef = A91E22A6228BB89300E15F4B /* XLLReaderTests.m */; };
/* End PBXBuildFile section */

/* Begin PBXContainerItemProxy section */
		A91E22A3228BB89300E15F4B /* PBXContainerItemProxy */ = {
			isa = PBXContainerItemProxy;
			containerPortal = A91E227F228BB89100E15F4B /* Project object */;
			proxyType = 1;
			remoteGlobalIDString = A91E2286228BB89100E15F4B;
			remoteInfo = XLLReader;
		};
/* End PBXContainerItemProxy section */

/* Begin PBXFileReference section */
		A91E2287228BB89100E15F4B /* XLLReader.app */ = {isa = PBXFileReference; explicitFileType = wrapper.application; includeInIndex = 0; path = XLLReader.app; sourceTree = BUILT_PRODUCTS_DIR; };
		A91E228A228BB89100E15F4B /* AppDelegate.h */ = {isa = PBXFileReference; lastKnownFileType = sourcecode.c.h; path = AppDelegate.h; sourceTree = "<group>"; };
		A91E228B228BB89100E15F4B /* AppDelegate.m */ = {isa = PBXFileReference; lastKnownFileType = sourcecode.c.objc; path = AppDelegate.m; sourceTree = "<group>"; };
		A91E228D228BB89100E15F4B /* ViewController.h */ = {isa = PBXFileReference; lastKnownFileType = sourcecode.c.h; path = ViewController.h; sourceTree = "<group>"; };
		A91E228E228BB89100E15F4B /* ViewController.m */ = {isa = PBXFileReference; lastKnownFileType = sourcecode.c.objc; path = ViewController.m; sourceTree = "<group>"; };
		A91E2291228BB89100E15F4B /* Base */ = {isa = PBXFileReference; lastKnownFileType = file.storyboard; name = Base; path = Base.lproj/Main.storyboard; sourceTree = "<group>"; };
		A91E2294228BB89100E15F4B /* XLLReader.xcdatamodel */ = {isa = PBXFileReference; lastKnownFileType = wrapper.xcdatamodel; path = XLLReader.xcdatamodel; sourceTree = "<group>"; };
		A91E2296228BB89300E15F4B /* Assets.xcassets */ = {isa = PBXFileReference; lastKnownFileType = folder.assetcatalog; path = Assets.xcassets; sourceTree = "<group>"; };
		A91E2299228BB89300E15F4B /* Base */ = {isa = PBXFileReference; lastKnownFileType = file.storyboard; name = Base; path = Base.lproj/LaunchScreen.storyboard; sourceTree = "<group>"; };
		A91E229B228BB89300E15F4B /* Info.plist */ = {isa = PBXFileReference; lastKnownFileType = text.plist.xml; path = Info.plist; sourceTree = "<group>"; };
		A91E229C228BB89300E15F4B /* main.m */ = {isa = PBXFileReference; lastKnownFileType = sourcecode.c.objc; path = main.m; sourceTree = "<group>"; };
		A91E22A2228BB89300E15F4B /* XLLReaderTests.xctest */ = {isa = PBXFileReference; explicitFileType = wrapper.cfbundle; includeInIndex = 0; path = XLLReaderTests.xctest; sourceTree = BUILT_PRODUCTS_DIR; };
		A91E22A6228BB89300E15F4B /* XLLReaderTests.m */ = {isa = PBXFileReference; lastKnownFileType = sourcecode.c.objc; path = XLLReaderTests.m; sourceTree = "<group>"; };
		A91E22A8228BB89300E15F4B /* Info.plist */ = {isa = PBXFileReference; lastKnownFileType = text.plist.xml; path = Info.plist; sourceTree = "<group>"; };
/* End PBXFileReference section */

/* Begin PBXFrameworksBuildPhase section */
		A91E2284228BB89100E15F4B /* Frameworks */ = {
			isa = PBXFrameworksBuildPhase;
			buildActionMask = 2147483647;
			files = (
			);
			runOnlyForDeploymentPostprocessing = 0;
		};
		A91E229F228BB89300E15F4B /* Frameworks */ = {
			isa = PBXFrameworksBuildPhase;
			buildActionMask = 2147483647;
			files = (
			);
			runOnlyForDeploymentPostprocessing = 0;
		};
/* End PBXFrameworksBuildPhase section */

/* Begin PBXGroup section */
		A91E227E228BB89100E15F4B = {
			isa = PBXGroup;
			children = (
				A91E2289228BB89100E15F4B /* XLLReader */,
				A91E22A5228BB89300E15F4B /* XLLReaderTests */,
				A91E2288228BB89100E15F4B /* Products */,
			);
			sourceTree = "<group>";
		};
		A91E2288228BB89100E15F4B /* Products */ = {
			isa = PBXGroup;
			children = (
				A91E2287228BB89100E15F4B /* XLLReader.app */,
				A91E22A2228BB89300E15F4B /* XLLReaderTests.xctest */,
			);
			name = Products;
			sourceTree = "<group>";
		};
		A91E2289228BB89100E15F4B /* XLLReader */ = {
			isa = PBXGroup;
			children = (
				A91E228A228BB89100E15F4B /* AppDelegate.h */,
				A91E228B228BB89100E15F4B /* AppDelegate.m */,
				A91E228D228BB89100E15F4B /* ViewController.h */,
				A91E228E228BB89100E15F4B /* ViewController.m */,
				A91E2290228BB89100E15F4B /* Main.storyboard */,
				A91E2296228BB89300E15F4B /* Assets.xcassets */,
				A91E2298228BB89300E15F4B /* LaunchScreen.storyboard */,
				A91E229B228BB89300E15F4B /* Info.plist */,
				A91E229C228BB89300E15F4B /* main.m */,
				A91E2293228BB89100E15F4B /* XLLReader.xcdatamodeld */,
			);
			path = XLLReader;
			sourceTree = "<group>";
		};
		A91E22A5228BB89300E15F4B /* XLLReaderTests */ = {
			isa = PBXGroup;
			children = (
				A91E22A6228BB89300E15F4B /* XLLReaderTests.m */,
				A91E22A8228BB89300E15F4B /* Info.plist */,
			);
			path = XLLReaderTests;
			sourceTree = "<group>";
		};
/* End PBXGroup section */

/* Begin PBXNativeTarget section */
		A91E2286228BB89100E15F4B /* XLLReader */ = {
			isa = PBXNativeTarget;
			buildConfigurationList = A91E22AB228BB89300E15F4B /* Build configuration list for PBXNativeTarget "XLLReader" */;
			buildPhases = (
				A91E2283228BB89100E15F4B /* Sources */,
				A91E2284228BB89100E15F4B /* Frameworks */,
				A91E2285228BB89100E15F4B /* Resources */,
			);
			buildRules = (
			);
			dependencies = (
			);
			name = XLLReader;
			productName = XLLReader;
			productReference = A91E2287228BB89100E15F4B /* XLLReader.app */;
			productType = "com.apple.product-type.application";
		};
		A91E22A1228BB89300E15F4B /* XLLReaderTests */ = {
			isa = PBXNativeTarget;
			buildConfigurationList = A91E22AE228BB89300E15F4B /* Build configuration list for PBXNativeTarget "XLLReaderTests" */;
			buildPhases = (
				A91E229E228BB89300E15F4B /* Sources */,
				A91E229F228BB89300E15F4B /* Frameworks */,
				A91E22A0228BB89300E15F4B /* Resources */,
			);
			buildRules = (
			);
			dependencies = (
				A91E22A4228BB89300E15F4B /* PBXTargetDependency */,
			);
			name = XLLReaderTests;
			productName = XLLReaderTests;
			productReference = A91E22A2228BB89300E15F4B /* XLLReaderTests.xctest */;
			productType = "com.apple.product-type.bundle.unit-test";
		};
/* End PBXNativeTarget section */

/* Begin PBXProject section */
		A91E227F228BB89100E15F4B /* Project object */ = {
			isa = PBXProject;
			attributes = {
				LastUpgradeCheck = 1010;
				ORGANIZATIONNAME = iOSCoder;
				TargetAttributes = {
					A91E2286228BB89100E15F4B = {
						CreatedOnToolsVersion = 10.1;
					};
					A91E22A1228BB89300E15F4B = {
						CreatedOnToolsVersion = 10.1;
						TestTargetID = A91E2286228BB89100E15F4B;
					};
				};
			};
			buildConfigurationList = A91E2282228BB89100E15F4B /* Build configuration list for PBXProject "XLLReader" */;
			compatibilityVersion = "Xcode 9.3";
			developmentRegion = en;
			hasScannedForEncodings = 0;
			knownRegions = (
				en,
				Base,
			);
			mainGroup = A91E227E228BB89100E15F4B;
			productRefGroup = A91E2288228BB89100E15F4B /* Products */;
			projectDirPath = "";
			projectRoot = "";
			targets = (
				A91E2286228BB89100E15F4B /* XLLReader */,
				A91E22A1228BB89300E15F4B /* XLLReaderTests */,
			);
		};
/* End PBXProject section */

/* Begin PBXResourcesBuildPhase section */
		A91E2285228BB89100E15F4B /* Resources */ = {
			isa = PBXResourcesBuildPhase;
			buildActionMask = 2147483647;
			files = (
				A91E229A228BB89300E15F4B /* LaunchScreen.storyboard in Resources */,
				A91E2297228BB89300E15F4B /* Assets.xcassets in Resources */,
				A91E2292228BB89100E15F4B /* Main.storyboard in Resources */,
			);
			runOnlyForDeploymentPostprocessing = 0;
		};
		A91E22A0228BB89300E15F4B /* Resources */ = {
			isa = PBXResourcesBuildPhase;
			buildActionMask = 2147483647;
			files = (
			);
			runOnlyForDeploymentPostprocessing = 0;
		};
/* End PBXResourcesBuildPhase section */

/* Begin PBXSourcesBuildPhase section */
		A91E2283228BB89100E15F4B /* Sources */ = {
			isa = PBXSourcesBuildPhase;
			buildActionMask = 2147483647;
			files = (
				A91E2295228BB89100E15F4B /* XLLReader.xcdatamodeld in Sources */,
				A91E228F228BB89100E15F4B /* ViewController.m in Sources */,
				A91E229D228BB89300E15F4B /* main.m in Sources */,
				A91E228C228BB89100E15F4B /* AppDelegate.m in Sources */,
			);
			runOnlyForDeploymentPostprocessing = 0;
		};
		A91E229E228BB89300E15F4B /* Sources */ = {
			isa = PBXSourcesBuildPhase;
			buildActionMask = 2147483647;
			files = (
				A91E22A7228BB89300E15F4B /* XLLReaderTests.m in Sources */,
			);
			runOnlyForDeploymentPostprocessing = 0;
		};
/* End PBXSourcesBuildPhase section */

/* Begin PBXTargetDependency section */
		A91E22A4228BB89300E15F4B /* PBXTargetDependency */ = {
			isa = PBXTargetDependency;
			target = A91E2286228BB89100E15F4B /* XLLReader */;
			targetProxy = A91E22A3228BB89300E15F4B /* PBXContainerItemProxy */;
		};
/* End PBXTargetDependency section */

/* Begin PBXVariantGroup section */
		A91E2290228BB89100E15F4B /* Main.storyboard */ = {
			isa = PBXVariantGroup;
			children = (
				A91E2291228BB89100E15F4B /* Base */,
			);
			name = Main.storyboard;
			sourceTree = "<group>";
		};
		A91E2298228BB89300E15F4B /* LaunchScreen.storyboard */ = {
			isa = PBXVariantGroup;
			children = (
				A91E2299228BB89300E15F4B /* Base */,
			);
			name = LaunchScreen.storyboard;
			sourceTree = "<group>";
		};
/* End PBXVariantGroup section */

/* Begin XCBuildConfiguration section */
		A91E22A9228BB89300E15F4B /* Debug */ = {
			isa = XCBuildConfiguration;
			buildSettings = {
				ALWAYS_SEARCH_USER_PATHS = NO;
				CLANG_ANALYZER_NONNULL = YES;
				CLANG_ANALYZER_NUMBER_OBJECT_CONVERSION = YES_AGGRESSIVE;
				CLANG_CXX_LANGUAGE_STANDARD = "gnu++14";
				CLANG_CXX_LIBRARY = "libc++";
				CLANG_ENABLE_MODULES = YES;
				CLANG_ENABLE_OBJC_ARC = YES;
				CLANG_ENABLE_OBJC_WEAK = YES;
				CLANG_WARN_BLOCK_CAPTURE_AUTORELEASING = YES;
				CLANG_WARN_BOOL_CONVERSION = YES;
				CLANG_WARN_COMMA = YES;
				CLANG_WARN_CONSTANT_CONVERSION = YES;
				CLANG_WARN_DEPRECATED_OBJC_IMPLEMENTATIONS = YES;
				CLANG_WARN_DIRECT_OBJC_ISA_USAGE = YES_ERROR;
				CLANG_WARN_DOCUMENTATION_COMMENTS = YES;
				CLANG_WARN_EMPTY_BODY = YES;
				CLANG_WARN_ENUM_CONVERSION = YES;
				CLANG_WARN_INFINITE_RECURSION = YES;
				CLANG_WARN_INT_CONVERSION = YES;
				CLANG_WARN_NON_LITERAL_NULL_CONVERSION = YES;
				CLANG_WARN_OBJC_IMPLICIT_RETAIN_SELF = YES;
				CLANG_WARN_OBJC_LITERAL_CONVERSION = YES;
				CLANG_WARN_OBJC_ROOT_CLASS = YES_ERROR;
				CLANG_WARN_RANGE_LOOP_ANALYSIS = YES;
				CLANG_WARN_STRICT_PROTOTYPES = YES;
				CLANG_WARN_SUSPICIOUS_MOVE = YES;
				CLANG_WARN_UNGUARDED_AVAILABILITY = YES_AGGRESSIVE;
				CLANG_WARN_UNREACHABLE_CODE = YES;
				CLANG_WARN__DUPLICATE_METHOD_MATCH = YES;
				CODE_SIGN_IDENTITY = "iPhone Developer";
				COPY_PHASE_STRIP = NO;
				DEBUG_INFORMATION_FORMAT = dwarf;
				ENABLE_STRICT_OBJC_MSGSEND = YES;
				ENABLE_TESTABILITY = YES;
				GCC_C_LANGUAGE_STANDARD = gnu11;
				GCC_DYNAMIC_NO_PIC = NO;
				GCC_NO_COMMON_BLOCKS = YES;
				GCC_OPTIMIZATION_LEVEL = 0;
				GCC_PREPROCESSOR_DEFINITIONS = (
					"DEBUG=1",
					"$(inherited)",
				);
				GCC_WARN_64_TO_32_BIT_CONVERSION = YES;
				GCC_WARN_ABOUT_RETURN_TYPE = YES_ERROR;
				GCC_WARN_UNDECLARED_SELECTOR = YES;
				GCC_WARN_UNINITIALIZED_AUTOS = YES_AGGRESSIVE;
				GCC_WARN_UNUSED_FUNCTION = YES;
				GCC_WARN_UNUSED_VARIABLE = YES;
				IPHONEOS_DEPLOYMENT_TARGET = 12.1;
				MTL_ENABLE_DEBUG_INFO = INCLUDE_SOURCE;
				MTL_FAST_MATH = YES;
				ONLY_ACTIVE_ARCH = YES;
				SDKROOT = iphoneos;
			};
			name = Debug;
		};
		A91E22AA228BB89300E15F4B /* Release */ = {
			isa = XCBuildConfiguration;
			buildSettings = {
				ALWAYS_SEARCH_USER_PATHS = NO;
				CLANG_ANALYZER_NONNULL = YES;
				CLANG_ANALYZER_NUMBER_OBJECT_CONVERSION = YES_AGGRESSIVE;
				CLANG_CXX_LANGUAGE_STANDARD = "gnu++14";
				CLANG_CXX_LIBRARY = "libc++";
				CLANG_ENABLE_MODULES = YES;
				CLANG_ENABLE_OBJC_ARC = YES;
				CLANG_ENABLE_OBJC_WEAK = YES;
				CLANG_WARN_BLOCK_CAPTURE_AUTORELEASING = YES;
				CLANG_WARN_BOOL_CONVERSION = YES;
				CLANG_WARN_COMMA = YES;
				CLANG_WARN_CONSTANT_CONVERSION = YES;
				CLANG_WARN_DEPRECATED_OBJC_IMPLEMENTATIONS = YES;
				CLANG_WARN_DIRECT_OBJC_ISA_USAGE = YES_ERROR;
				CLANG_WARN_DOCUMENTATION_COMMENTS = YES;
				CLANG_WARN_EMPTY_BODY = YES;
				CLANG_WARN_ENUM_CONVERSION = YES;
				CLANG_WARN_INFINITE_RECURSION = YES;
				CLANG_WARN_INT_CONVERSION = YES;
				CLANG_WARN_NON_LITERAL_NULL_CONVERSION = YES;
				CLANG_WARN_OBJC_IMPLICIT_RETAIN_SELF = YES;
				CLANG_WARN_OBJC_LITERAL_CONVERSION = YES;
				CLANG_WARN_OBJC_ROOT_CLASS = YES_ERROR;
				CLANG_WARN_RANGE_LOOP_ANALYSIS = YES;
				CLANG_WARN_STRICT_PROTOTYPES = YES;
				CLANG_WARN_SUSPICIOUS_MOVE = YES;
				CLANG_WARN_UNGUARDED_AVAILABILITY = YES_AGGRESSIVE;
				CLANG_WARN_UNREACHABLE_CODE = YES;
				CLANG_WARN__DUPLICATE_METHOD_MATCH = YES;
				CODE_SIGN_IDENTITY = "iPhone Developer";
				COPY_PHASE_STRIP = NO;
				DEBUG_INFORMATION_FORMAT = "dwarf-with-dsym";
				ENABLE_NS_ASSERTIONS = NO;
				ENABLE_STRICT_OBJC_MSGSEND = YES;
				GCC_C_LANGUAGE_STANDARD = gnu11;
				GCC_NO_COMMON_BLOCKS = YES;
				GCC_WARN_64_TO_32_BIT_CONVERSION = YES;
				GCC_WARN_ABOUT_RETURN_TYPE = YES_ERROR;
				GCC_WARN_UNDECLARED_SELECTOR = YES;
				GCC_WARN_UNINITIALIZED_AUTOS = YES_AGGRESSIVE;
				GCC_WARN_UNUSED_FUNCTION = YES;
				GCC_WARN_UNUSED_VARIABLE = YES;
				IPHONEOS_DEPLOYMENT_TARGET = 12.1;
				MTL_ENABLE_DEBUG_INFO = NO;
				MTL_FAST_MATH = YES;
				SDKROOT = iphoneos;
				VALIDATE_PRODUCT = YES;
			};
			name = Release;
		};
		A91E22AC228BB89300E15F4B /* Debug */ = {
			isa = XCBuildConfiguration;
			buildSettings = {
				ASSETCATALOG_COMPILER_APPICON_NAME = AppIcon;
				CODE_SIGN_STYLE = Automatic;
				INFOPLIST_FILE = XLLReader/Info.plist;
				LD_RUNPATH_SEARCH_PATHS = (
					"$(inherited)",
					"@executable_path/Frameworks",
				);
				PRODUCT_BUNDLE_IDENTIFIER = com.iOSCoder.XLLReader;
				PRODUCT_NAME = "$(TARGET_NAME)";
				TARGETED_DEVICE_FAMILY = "1,2";
			};
			name = Debug;
		};
		A91E22AD228BB89300E15F4B /* Release */ = {
			isa = XCBuildConfiguration;
			buildSettings = {
				ASSETCATALOG_COMPILER_APPICON_NAME = AppIcon;
				CODE_SIGN_STYLE = Automatic;
				INFOPLIST_FILE = XLLReader/Info.plist;
				LD_RUNPATH_SEARCH_PATHS = (
					"$(inherited)",
					"@executable_path/Frameworks",
				);
				PRODUCT_BUNDLE_IDENTIFIER = com.iOSCoder.XLLReader;
				PRODUCT_NAME = "$(TARGET_NAME)";
				TARGETED_DEVICE_FAMILY = "1,2";
			};
			name = Release;
		};
		A91E22AF228BB89300E15F4B /* Debug */ = {
			isa = XCBuildConfiguration;
			buildSettings = {
				BUNDLE_LOADER = "$(TEST_HOST)";
				CODE_SIGN_STYLE = Automatic;
				INFOPLIST_FILE = XLLReaderTests/Info.plist;
				LD_RUNPATH_SEARCH_PATHS = (
					"$(inherited)",
					"@executable_path/Frameworks",
					"@loader_path/Frameworks",
				);
				PRODUCT_BUNDLE_IDENTIFIER = com.iOSCoder.XLLReaderTests;
				PRODUCT_NAME = "$(TARGET_NAME)";
				TARGETED_DEVICE_FAMILY = "1,2";
				TEST_HOST = "$(BUILT_PRODUCTS_DIR)/XLLReader.app/XLLReader";
			};
			name = Debug;
		};
		A91E22B0228BB89300E15F4B /* Release */ = {
			isa = XCBuildConfiguration;
			buildSettings = {
				BUNDLE_LOADER = "$(TEST_HOST)";
				CODE_SIGN_STYLE = Automatic;
				INFOPLIST_FILE = XLLReaderTests/Info.plist;
				LD_RUNPATH_SEARCH_PATHS = (
					"$(inherited)",
					"@executable_path/Frameworks",
					"@loader_path/Frameworks",
				);
				PRODUCT_BUNDLE_IDENTIFIER = com.iOSCoder.XLLReaderTests;
				PRODUCT_NAME = "$(TARGET_NAME)";
				TARGETED_DEVICE_FAMILY = "1,2";
				TEST_HOST = "$(BUILT_PRODUCTS_DIR)/XLLReader.app/XLLReader";
			};
			name = Release;
		};
/* End XCBuildConfiguration section */

/* Begin XCConfigurationList section */
		A91E2282228BB89100E15F4B /* Build configuration list for PBXProject "XLLReader" */ = {
			isa = XCConfigurationList;
			buildConfigurations = (
				A91E22A9228BB89300E15F4B /* Debug */,
				A91E22AA228BB89300E15F4B /* Release */,
			);
			defaultConfigurationIsVisible = 0;
			defaultConfigurationName = Release;
		};
		A91E22AB228BB89300E15F4B /* Build configuration list for PBXNativeTarget "XLLReader" */ = {
			isa = XCConfigurationList;
			buildConfigurations = (
				A91E22AC228BB89300E15F4B /* Debug */,
				A91E22AD228BB89300E15F4B /* Release */,
			);
			defaultConfigurationIsVisible = 0;
			defaultConfigurationName = Release;
		};
		A91E22AE228BB89300E15F4B /* Build configuration list for PBXNativeTarget "XLLReaderTests" */ = {
			isa = XCConfigurationList;
			buildConfigurations = (
				A91E22AF228BB89300E15F4B /* Debug */,
				A91E22B0228BB89300E15F4B /* Release */,
			);
			defaultConfigurationIsVisible = 0;
			defaultConfigurationName = Release;
		};
/* End XCConfigurationList section */

/* Begin XCVersionGroup section */
		A91E2293228BB89100E15F4B /* XLLReader.xcdatamodeld */ = {
			isa = XCVersionGroup;
			children = (
				A91E2294228BB89100E15F4B /* XLLReader.xcdatamodel */,
			);
			currentVersion = A91E2294228BB89100E15F4B /* XLLReader.xcdatamodel */;
			path = XLLReader.xcdatamodeld;
			sourceTree = "<group>";
			versionGroupType = wrapper.xcdatamodel;
		};
/* End XCVersionGroup section */
	};
	rootObject = A91E227F228BB89100E15F4B /* Project object */;
}
